
Microsoft Visual Studio Solution File, Format Version 12.00
# Visual Studio Version 17
VisualStudioVersion = 17.4.33103.184
MinimumVisualStudioVersion = 10.0.40219.1
Project("{2150E333-8FDC-42A3-9474-1A3956D46DE8}") = "src", "src", "{332BD7AE-41B2-4F61-B743-69CC7F70C5CD}"
EndProject
Project("{2150E333-8FDC-42A3-9474-1A3956D46DE8}") = "test", "test", "{8CD8083E-F0CE-4233-8754-A0D25B720CA1}"
EndProject
Project("{9A19103F-16F7-4668-BE54-9A1E7A4F7556}") = "FunShow.LoggingService.Domain.Shared", "src\FunShow.LoggingService.Domain.Shared\FunShow.LoggingService.Domain.Shared.csproj", "{E023F5E2-CD70-45B2-99B9-F927442EB5D3}"
EndProject
Project("{9A19103F-16F7-4668-BE54-9A1E7A4F7556}") = "FunShow.LoggingService.Application.Contracts", "src\FunShow.LoggingService.Application.Contracts\FunShow.LoggingService.Application.Contracts.csproj", "{5F3A3379-5419-426B-B926-689DC7640C15}"
EndProject
Project("{9A19103F-16F7-4668-BE54-9A1E7A4F7556}") = "FunShow.LoggingService.Domain", "src\FunShow.LoggingService.Domain\FunShow.LoggingService.Domain.csproj", "{2B9F3B2D-4059-4EEC-B2E1-3843331CE7B2}"
EndProject
Project("{9A19103F-16F7-4668-BE54-9A1E7A4F7556}") = "FunShow.LoggingService.Application", "src\FunShow.LoggingService.Application\FunShow.LoggingService.Application.csproj", "{5A74B4E1-83A7-4176-88B2-BA4C8C900AC3}"
EndProject
Project("{9A19103F-16F7-4668-BE54-9A1E7A4F7556}") = "FunShow.LoggingService.EntityFrameworkCore", "src\FunShow.LoggingService.EntityFrameworkCore\FunShow.LoggingService.EntityFrameworkCore.csproj", "{6112E2A3-2D9A-41A4-8811-8BCF538A05DC}"
EndProject
Project("{9A19103F-16F7-4668-BE54-9A1E7A4F7556}") = "FunShow.LoggingService.HttpApi", "src\FunShow.LoggingService.HttpApi\FunShow.LoggingService.HttpApi.csproj", "{B9211D3C-2D7A-450C-8C61-A9672F7A08A7}"
EndProject
Project("{9A19103F-16F7-4668-BE54-9A1E7A4F7556}") = "FunShow.LoggingService.HttpApi.Client", "src\FunShow.LoggingService.HttpApi.Client\FunShow.LoggingService.HttpApi.Client.csproj", "{41BAD034-57FF-4CE8-B0F8-54E22F3581EC}"
EndProject
Project("{9A19103F-16F7-4668-BE54-9A1E7A4F7556}") = "FunShow.LoggingService.HttpApi.Host", "src\FunShow.LoggingService.HttpApi.Host\FunShow.LoggingService.HttpApi.Host.csproj", "{8F265B71-B45C-4437-8A46-A9055BB94CD0}"
EndProject
Project("{9A19103F-16F7-4668-BE54-9A1E7A4F7556}") = "FunShow.LoggingService.Application.Tests", "test\FunShow.LoggingService.Application.Tests\FunShow.LoggingService.Application.Tests.csproj", "{A4B99D05-72C4-4FAA-A86B-E7271B68AA15}"
EndProject
Project("{9A19103F-16F7-4668-BE54-9A1E7A4F7556}") = "FunShow.LoggingService.Domain.Tests", "test\FunShow.LoggingService.Domain.Tests\FunShow.LoggingService.Domain.Tests.csproj", "{4EF8844E-84BF-4FC5-AC5C-57D47C47B744}"
EndProject
Project("{9A19103F-16F7-4668-BE54-9A1E7A4F7556}") = "FunShow.LoggingService.EntityFrameworkCore.Tests", "test\FunShow.LoggingService.EntityFrameworkCore.Tests\FunShow.LoggingService.EntityFrameworkCore.Tests.csproj", "{A0F71BEF-3AC9-43F9-B82E-1F2F6C92A24A}"
EndProject
Project("{9A19103F-16F7-4668-BE54-9A1E7A4F7556}") = "FunShow.LoggingService.TestBase", "test\FunShow.LoggingService.TestBase\FunShow.LoggingService.TestBase.csproj", "{7629BFFC-6E56-4E2A-9C55-8BB2D72247AA}"
EndProject
Global
	GlobalSection(SolutionConfigurationPlatforms) = preSolution
		Debug|Any CPU = Debug|Any CPU
		Release|Any CPU = Release|Any CPU
	EndGlobalSection
	GlobalSection(ProjectConfigurationPlatforms) = postSolution
		{E023F5E2-CD70-45B2-99B9-F927442EB5D3}.Debug|Any CPU.ActiveCfg = Debug|Any CPU
		{E023F5E2-CD70-45B2-99B9-F927442EB5D3}.Debug|Any CPU.Build.0 = Debug|Any CPU
		{E023F5E2-CD70-45B2-99B9-F927442EB5D3}.Release|Any CPU.ActiveCfg = Release|Any CPU
		{E023F5E2-CD70-45B2-99B9-F927442EB5D3}.Release|Any CPU.Build.0 = Release|Any CPU
		{5F3A3379-5419-426B-B926-689DC7640C15}.Debug|Any CPU.ActiveCfg = Debug|Any CPU
		{5F3A3379-5419-426B-B926-689DC7640C15}.Debug|Any CPU.Build.0 = Debug|Any CPU
		{5F3A3379-5419-426B-B926-689DC7640C15}.Release|Any CPU.ActiveCfg = Release|Any CPU
		{5F3A3379-5419-426B-B926-689DC7640C15}.Release|Any CPU.Build.0 = Release|Any CPU
		{2B9F3B2D-4059-4EEC-B2E1-3843331CE7B2}.Debug|Any CPU.ActiveCfg = Debug|Any CPU
		{2B9F3B2D-4059-4EEC-B2E1-3843331CE7B2}.Debug|Any CPU.Build.0 = Debug|Any CPU
		{2B9F3B2D-4059-4EEC-B2E1-3843331CE7B2}.Release|Any CPU.ActiveCfg = Release|Any CPU
		{2B9F3B2D-4059-4EEC-B2E1-3843331CE7B2}.Release|Any CPU.Build.0 = Release|Any CPU
		{5A74B4E1-83A7-4176-88B2-BA4C8C900AC3}.Debug|Any CPU.ActiveCfg = Debug|Any CPU
		{5A74B4E1-83A7-4176-88B2-BA4C8C900AC3}.Debug|Any CPU.Build.0 = Debug|Any CPU
		{5A74B4E1-83A7-4176-88B2-BA4C8C900AC3}.Release|Any CPU.ActiveCfg = Release|Any CPU
		{5A74B4E1-83A7-4176-88B2-BA4C8C900AC3}.Release|Any CPU.Build.0 = Release|Any CPU
		{6112E2A3-2D9A-41A4-8811-8BCF538A05DC}.Debug|Any CPU.ActiveCfg = Debug|Any CPU
		{6112E2A3-2D9A-41A4-8811-8BCF538A05DC}.Debug|Any CPU.Build.0 = Debug|Any CPU
		{6112E2A3-2D9A-41A4-8811-8BCF538A05DC}.Release|Any CPU.ActiveCfg = Release|Any CPU
		{6112E2A3-2D9A-41A4-8811-8BCF538A05DC}.Release|Any CPU.Build.0 = Release|Any CPU
		{B9211D3C-2D7A-450C-8C61-A9672F7A08A7}.Debug|Any CPU.ActiveCfg = Debug|Any CPU
		{B9211D3C-2D7A-450C-8C61-A9672F7A08A7}.Debug|Any CPU.Build.0 = Debug|Any CPU
		{B9211D3C-2D7A-450C-8C61-A9672F7A08A7}.Release|Any CPU.ActiveCfg = Release|Any CPU
		{B9211D3C-2D7A-450C-8C61-A9672F7A08A7}.Release|Any CPU.Build.0 = Release|Any CPU
		{41BAD034-57FF-4CE8-B0F8-54E22F3581EC}.Debug|Any CPU.ActiveCfg = Debug|Any CPU
		{41BAD034-57FF-4CE8-B0F8-54E22F3581EC}.Debug|Any CPU.Build.0 = Debug|Any CPU
		{41BAD034-57FF-4CE8-B0F8-54E22F3581EC}.Release|Any CPU.ActiveCfg = Release|Any CPU
		{41BAD034-57FF-4CE8-B0F8-54E22F3581EC}.Release|Any CPU.Build.0 = Release|Any CPU
		{8F265B71-B45C-4437-8A46-A9055BB94CD0}.Debug|Any CPU.ActiveCfg = Debug|Any CPU
		{8F265B71-B45C-4437-8A46-A9055BB94CD0}.Debug|Any CPU.Build.0 = Debug|Any CPU
		{8F265B71-B45C-4437-8A46-A9055BB94CD0}.Release|Any CPU.ActiveCfg = Release|Any CPU
		{8F265B71-B45C-4437-8A46-A9055BB94CD0}.Release|Any CPU.Build.0 = Release|Any CPU
		{A4B99D05-72C4-4FAA-A86B-E7271B68AA15}.Debug|Any CPU.ActiveCfg = Debug|Any CPU
		{A4B99D05-72C4-4FAA-A86B-E7271B68AA15}.Debug|Any CPU.Build.0 = Debug|Any CPU
		{A4B99D05-72C4-4FAA-A86B-E7271B68AA15}.Release|Any CPU.ActiveCfg = Release|Any CPU
		{A4B99D05-72C4-4FAA-A86B-E7271B68AA15}.Release|Any CPU.Build.0 = Release|Any CPU
		{4EF8844E-84BF-4FC5-AC5C-57D47C47B744}.Debug|Any CPU.ActiveCfg = Debug|Any CPU
		{4EF8844E-84BF-4FC5-AC5C-57D47C47B744}.Debug|Any CPU.Build.0 = Debug|Any CPU
		{4EF8844E-84BF-4FC5-AC5C-57D47C47B744}.Release|Any CPU.ActiveCfg = Release|Any CPU
		{4EF8844E-84BF-4FC5-AC5C-57D47C47B744}.Release|Any CPU.Build.0 = Release|Any CPU
		{A0F71BEF-3AC9-43F9-B82E-1F2F6C92A24A}.Debug|Any CPU.ActiveCfg = Debug|Any CPU
		{A0F71BEF-3AC9-43F9-B82E-1F2F6C92A24A}.Debug|Any CPU.Build.0 = Debug|Any CPU
		{A0F71BEF-3AC9-43F9-B82E-1F2F6C92A24A}.Release|Any CPU.ActiveCfg = Release|Any CPU
		{A0F71BEF-3AC9-43F9-B82E-1F2F6C92A24A}.Release|Any CPU.Build.0 = Release|Any CPU
		{7629BFFC-6E56-4E2A-9C55-8BB2D72247AA}.Debug|Any CPU.ActiveCfg = Debug|Any CPU
		{7629BFFC-6E56-4E2A-9C55-8BB2D72247AA}.Debug|Any CPU.Build.0 = Debug|Any CPU
		{7629BFFC-6E56-4E2A-9C55-8BB2D72247AA}.Release|Any CPU.ActiveCfg = Release|Any CPU
		{7629BFFC-6E56-4E2A-9C55-8BB2D72247AA}.Release|Any CPU.Build.0 = Release|Any CPU
	EndGlobalSection
	GlobalSection(SolutionProperties) = preSolution
		HideSolutionNode = FALSE
	EndGlobalSection
	GlobalSection(NestedProjects) = preSolution
		{E023F5E2-CD70-45B2-99B9-F927442EB5D3} = {332BD7AE-41B2-4F61-B743-69CC7F70C5CD}
		{5F3A3379-5419-426B-B926-689DC7640C15} = {332BD7AE-41B2-4F61-B743-69CC7F70C5CD}
		{2B9F3B2D-4059-4EEC-B2E1-3843331CE7B2} = {332BD7AE-41B2-4F61-B743-69CC7F70C5CD}
		{5A74B4E1-83A7-4176-88B2-BA4C8C900AC3} = {332BD7AE-41B2-4F61-B743-69CC7F70C5CD}
		{6112E2A3-2D9A-41A4-8811-8BCF538A05DC} = {332BD7AE-41B2-4F61-B743-69CC7F70C5CD}
		{B9211D3C-2D7A-450C-8C61-A9672F7A08A7} = {332BD7AE-41B2-4F61-B743-69CC7F70C5CD}
		{41BAD034-57FF-4CE8-B0F8-54E22F3581EC} = {332BD7AE-41B2-4F61-B743-69CC7F70C5CD}
		{8F265B71-B45C-4437-8A46-A9055BB94CD0} = {332BD7AE-41B2-4F61-B743-69CC7F70C5CD}
		{A4B99D05-72C4-4FAA-A86B-E7271B68AA15} = {8CD8083E-F0CE-4233-8754-A0D25B720CA1}
		{4EF8844E-84BF-4FC5-AC5C-57D47C47B744} = {8CD8083E-F0CE-4233-8754-A0D25B720CA1}
		{A0F71BEF-3AC9-43F9-B82E-1F2F6C92A24A} = {8CD8083E-F0CE-4233-8754-A0D25B720CA1}
		{7629BFFC-6E56-4E2A-9C55-8BB2D72247AA} = {8CD8083E-F0CE-4233-8754-A0D25B720CA1}
	EndGlobalSection
	GlobalSection(ExtensibilityGlobals) = postSolution
		SolutionGuid = {58F23F86-E510-43EE-B525-BB873760FF98}
	EndGlobalSection
EndGlobal
